
Microsoft Visual Studio Solution File, Format Version 12.00
# Visual Studio Version 17
VisualStudioVersion = 17.11.35222.181
MinimumVisualStudioVersion = 10.0.40219.1
Project("{FAE04EC0-301F-11D3-BF4B-00C04F79EFBC}") = "CoursWork", "CoursWork\CoursWork.csproj", "{2405E9D9-F737-4CDD-A411-06B514AD7E7D}"
EndProject
Global
	GlobalSection(SolutionConfigurationPlatforms) = preSolution
		Debug|Any CPU = Debug|Any CPU
		Release|Any CPU = Release|Any CPU
	EndGlobalSection
	GlobalSection(ProjectConfigurationPlatforms) = postSolution
		{2405E9D9-F737-4CDD-A411-06B514AD7E7D}.Debug|Any CPU.ActiveCfg = Debug|Any CPU
		{2405E9D9-F737-4CDD-A411-06B514AD7E7D}.Debug|Any CPU.Build.0 = Debug|Any CPU
		{2405E9D9-F737-4CDD-A411-06B514AD7E7D}.Release|Any CPU.ActiveCfg = Release|Any CPU
		{2405E9D9-F737-4CDD-A411-06B514AD7E7D}.Release|Any CPU.Build.0 = Release|Any CPU
	EndGlobalSection
	GlobalSection(SolutionProperties) = preSolution
		HideSolutionNode = FALSE
	EndGlobalSection
	GlobalSection(ExtensibilityGlobals) = postSolution
		SolutionGuid = {47A8BF00-3389-40F1-992C-7D9B5C03C604}
	EndGlobalSection
EndGlobal
